
Microsoft Visual Studio Solution File, Format Version 12.00
# Visual Studio Version 17
VisualStudioVersion = 17.2.32427.441
MinimumVisualStudioVersion = 10.0.40219.1
Project("{FAE04EC0-301F-11D3-BF4B-00C04F79EFBC}") = "TestFromPowerLine", "TestFromPowerLine\TestFromPowerLine.csproj", "{EA720DE5-885C-4D2F-B640-7F092AC8455D}"
EndProject
Global
	GlobalSection(SolutionConfigurationPlatforms) = preSolution
		Debug|Any CPU = Debug|Any CPU
		Release|Any CPU = Release|Any CPU
	EndGlobalSection
	GlobalSection(ProjectConfigurationPlatforms) = postSolution
		{EA720DE5-885C-4D2F-B640-7F092AC8455D}.Debug|Any CPU.ActiveCfg = Debug|Any CPU
		{EA720DE5-885C-4D2F-B640-7F092AC8455D}.Debug|Any CPU.Build.0 = Debug|Any CPU
		{EA720DE5-885C-4D2F-B640-7F092AC8455D}.Release|Any CPU.ActiveCfg = Release|Any CPU
		{EA720DE5-885C-4D2F-B640-7F092AC8455D}.Release|Any CPU.Build.0 = Release|Any CPU
	EndGlobalSection
	GlobalSection(SolutionProperties) = preSolution
		HideSolutionNode = FALSE
	EndGlobalSection
	GlobalSection(ExtensibilityGlobals) = postSolution
		SolutionGuid = {65F10777-D615-4CCE-B0B3-E50191EACEEB}
	EndGlobalSection
EndGlobal
